
Microsoft Visual Studio Solution File, Format Version 12.00
# Visual Studio 15
VisualStudioVersion = 15.0.28307.106
MinimumVisualStudioVersion = 10.0.40219.1
Project("{FAE04EC0-301F-11D3-BF4B-00C04F79EFBC}") = "LykkePayUITests", "LykkePayUITests\LykkePayUITests.csproj", "{29343750-EFD7-493C-AFA2-B69AD35EFD87}"
EndProject
Global
	GlobalSection(SolutionConfigurationPlatforms) = preSolution
		Debug|Any CPU = Debug|Any CPU
		Release|Any CPU = Release|Any CPU
	EndGlobalSection
	GlobalSection(ProjectConfigurationPlatforms) = postSolution
		{29343750-EFD7-493C-AFA2-B69AD35EFD87}.Debug|Any CPU.ActiveCfg = Debug|Any CPU
		{29343750-EFD7-493C-AFA2-B69AD35EFD87}.Debug|Any CPU.Build.0 = Debug|Any CPU
		{29343750-EFD7-493C-AFA2-B69AD35EFD87}.Release|Any CPU.ActiveCfg = Release|Any CPU
		{29343750-EFD7-493C-AFA2-B69AD35EFD87}.Release|Any CPU.Build.0 = Release|Any CPU
	EndGlobalSection
	GlobalSection(SolutionProperties) = preSolution
		HideSolutionNode = FALSE
	EndGlobalSection
	GlobalSection(ExtensibilityGlobals) = postSolution
		SolutionGuid = {DBEAF7F8-BBF8-4AEA-B646-095FB04AB0A0}
	EndGlobalSection
EndGlobal
